
Microsoft Visual Studio Solution File, Format Version 12.00
# Visual Studio Version 17
VisualStudioVersion = 17.14.36518.9 d17.14
MinimumVisualStudioVersion = 10.0.40219.1
Project("{8BC9CEB8-8B4A-11D0-8D11-00A0C91BC942}") = "Space-Invaders", "Space-Invaders.vcxproj", "{F0F5CF66-8BFD-49D4-A316-9919750F0F7A}"
EndProject
Global
	GlobalSection(SolutionConfigurationPlatforms) = preSolution
		Debug|x64 = Debug|x64
		Debug|x86 = Debug|x86
		Release|x64 = Release|x64
		Release|x86 = Release|x86
	EndGlobalSection
	GlobalSection(ProjectConfigurationPlatforms) = postSolution
		{F0F5CF66-8BFD-49D4-A316-9919750F0F7A}.Debug|x64.ActiveCfg = Debug|x64
		{F0F5CF66-8BFD-49D4-A316-9919750F0F7A}.Debug|x64.Build.0 = Debug|x64
		{F0F5CF66-8BFD-49D4-A316-9919750F0F7A}.Debug|x86.ActiveCfg = Debug|Win32
		{F0F5CF66-8BFD-49D4-A316-9919750F0F7A}.Debug|x86.Build.0 = Debug|Win32
		{F0F5CF66-8BFD-49D4-A316-9919750F0F7A}.Release|x64.ActiveCfg = Release|x64
		{F0F5CF66-8BFD-49D4-A316-9919750F0F7A}.Release|x64.Build.0 = Release|x64
		{F0F5CF66-8BFD-49D4-A316-9919750F0F7A}.Release|x86.ActiveCfg = Release|Win32
		{F0F5CF66-8BFD-49D4-A316-9919750F0F7A}.Release|x86.Build.0 = Release|Win32
	EndGlobalSection
	GlobalSection(SolutionProperties) = preSolution
		HideSolutionNode = FALSE
	EndGlobalSection
	GlobalSection(ExtensibilityGlobals) = postSolution
		SolutionGuid = {1B26F2C1-47AF-4C7D-AACD-6D2CD635455F}
	EndGlobalSection
EndGlobal
